
Microsoft Visual Studio Solution File, Format Version 12.00
# Visual Studio Version 16
VisualStudioVersion = 16.0.31321.278
MinimumVisualStudioVersion = 10.0.40219.1
Project("{FAE04EC0-301F-11D3-BF4B-00C04F79EFBC}") = "InAndOut", "InAndOut.csproj", "{4781F685-8276-4BE3-968E-D65307C0E294}"
EndProject
Global
	GlobalSection(SolutionConfigurationPlatforms) = preSolution
		Debug|Any CPU = Debug|Any CPU
		Release|Any CPU = Release|Any CPU
	EndGlobalSection
	GlobalSection(ProjectConfigurationPlatforms) = postSolution
		{4781F685-8276-4BE3-968E-D65307C0E294}.Debug|Any CPU.ActiveCfg = Debug|Any CPU
		{4781F685-8276-4BE3-968E-D65307C0E294}.Debug|Any CPU.Build.0 = Debug|Any CPU
		{4781F685-8276-4BE3-968E-D65307C0E294}.Release|Any CPU.ActiveCfg = Release|Any CPU
		{4781F685-8276-4BE3-968E-D65307C0E294}.Release|Any CPU.Build.0 = Release|Any CPU
	EndGlobalSection
	GlobalSection(SolutionProperties) = preSolution
		HideSolutionNode = FALSE
	EndGlobalSection
	GlobalSection(ExtensibilityGlobals) = postSolution
		SolutionGuid = {7C6B7207-55AE-47F2-92E7-1EBD02F6C211}
	EndGlobalSection
EndGlobal
